
Microsoft Visual Studio Solution File, Format Version 12.00
# Visual Studio Version 17
VisualStudioVersion = 17.10.35004.147
MinimumVisualStudioVersion = 10.0.40219.1
Project("{9A19103F-16F7-4668-BE54-9A1E7A4F7556}") = "BlogCore", "BlogCore\BlogCore.csproj", "{74F5C533-3F46-4312-9BF5-BB2A6C35DF7A}"
EndProject
Project("{FAE04EC0-301F-11D3-BF4B-00C04F79EFBC}") = "BlogCore.AccesoDatos", "BlogCore.AccesoDatos\BlogCore.AccesoDatos.csproj", "{5F3725DC-B80A-47D1-ACB2-6FB483925249}"
EndProject
Project("{FAE04EC0-301F-11D3-BF4B-00C04F79EFBC}") = "BlogCore.Models", "BlogCore.Models\BlogCore.Models.csproj", "{DA113467-CEFE-40A8-9266-73B0ECE2BFCD}"
EndProject
Project("{FAE04EC0-301F-11D3-BF4B-00C04F79EFBC}") = "BlogCore.Utilidades", "BlogCore.Utilidades\BlogCore.Utilidades.csproj", "{AB504AFF-4C22-4134-B3D4-2A32299797BC}"
EndProject
Global
	GlobalSection(SolutionConfigurationPlatforms) = preSolution
		Debug|Any CPU = Debug|Any CPU
		Release|Any CPU = Release|Any CPU
	EndGlobalSection
	GlobalSection(ProjectConfigurationPlatforms) = postSolution
		{74F5C533-3F46-4312-9BF5-BB2A6C35DF7A}.Debug|Any CPU.ActiveCfg = Debug|Any CPU
		{74F5C533-3F46-4312-9BF5-BB2A6C35DF7A}.Debug|Any CPU.Build.0 = Debug|Any CPU
		{74F5C533-3F46-4312-9BF5-BB2A6C35DF7A}.Release|Any CPU.ActiveCfg = Release|Any CPU
		{74F5C533-3F46-4312-9BF5-BB2A6C35DF7A}.Release|Any CPU.Build.0 = Release|Any CPU
		{5F3725DC-B80A-47D1-ACB2-6FB483925249}.Debug|Any CPU.ActiveCfg = Debug|Any CPU
		{5F3725DC-B80A-47D1-ACB2-6FB483925249}.Debug|Any CPU.Build.0 = Debug|Any CPU
		{5F3725DC-B80A-47D1-ACB2-6FB483925249}.Release|Any CPU.ActiveCfg = Release|Any CPU
		{5F3725DC-B80A-47D1-ACB2-6FB483925249}.Release|Any CPU.Build.0 = Release|Any CPU
		{DA113467-CEFE-40A8-9266-73B0ECE2BFCD}.Debug|Any CPU.ActiveCfg = Debug|Any CPU
		{DA113467-CEFE-40A8-9266-73B0ECE2BFCD}.Debug|Any CPU.Build.0 = Debug|Any CPU
		{DA113467-CEFE-40A8-9266-73B0ECE2BFCD}.Release|Any CPU.ActiveCfg = Release|Any CPU
		{DA113467-CEFE-40A8-9266-73B0ECE2BFCD}.Release|Any CPU.Build.0 = Release|Any CPU
		{AB504AFF-4C22-4134-B3D4-2A32299797BC}.Debug|Any CPU.ActiveCfg = Debug|Any CPU
		{AB504AFF-4C22-4134-B3D4-2A32299797BC}.Debug|Any CPU.Build.0 = Debug|Any CPU
		{AB504AFF-4C22-4134-B3D4-2A32299797BC}.Release|Any CPU.ActiveCfg = Release|Any CPU
		{AB504AFF-4C22-4134-B3D4-2A32299797BC}.Release|Any CPU.Build.0 = Release|Any CPU
	EndGlobalSection
	GlobalSection(SolutionProperties) = preSolution
		HideSolutionNode = FALSE
	EndGlobalSection
	GlobalSection(ExtensibilityGlobals) = postSolution
		SolutionGuid = {8ED6CC0D-52F0-4AD4-A537-FDFCA2B64B9A}
	EndGlobalSection
EndGlobal
